<?xml version="1.0" encoding="utf-8"?>
<Project ToolsVersion="4.0" xmlns="http://schemas.microsoft.com/developer/msbuild/2003">
  <ItemGroup>
    <Filter Include="Hypo">
      <UniqueIdentifier>{659C867C-51D3-870D-FABF-6D10E6D5030F}</UniqueIdentifier>
    </Filter>
    <Filter Include="Hypo\Graphics">
      <UniqueIdentifier>{4526D516-B1E6-504D-7A21-9ACAE6A09529}</UniqueIdentifier>
    </Filter>
    <Filter Include="Platform">
      <UniqueIdentifier>{2AC788B4-1694-E3BF-3FAD-D1672BD9184E}</UniqueIdentifier>
    </Filter>
    <Filter Include="Platform\OpenGL">
      <UniqueIdentifier>{1E7D2C1D-8A08-9AE1-9319-1DD6FF23F6E1}</UniqueIdentifier>
    </Filter>
  </ItemGroup>
  <ItemGroup>
    <ClInclude Include="src\Hypo\Graphics\Buffers.h">
      <Filter>Hypo\Graphics</Filter>
    </ClInclude>
    <ClInclude Include="src\Hypo\Graphics\Exports.h">
      <Filter>Hypo\Graphics</Filter>
    </ClInclude>
    <ClInclude Include="src\Platform\OpenGL\OpenGLBuffer.h">
      <Filter>Platform\OpenGL</Filter>
    </ClInclude>
    <ClInclude Include="src\Platform\OpenGL\OpenGLVertexBuffer.h">
      <Filter>Platform\OpenGL</Filter>
    </ClInclude>
    <ClInclude Include="src\graphicspch.h" />
    <ClInclude Include="src\Platform\OpenGL\OpenGLIndexBuffer.h" />
    <ClInclude Include="src\Hypo\Graphics\BufferLayout.h" />
    <ClInclude Include="src\Hypo\Graphics\Shader.h" />
    <ClInclude Include="src\Hypo\Graphics\Assets\ShaderAsset.h" />
  </ItemGroup>
  <ItemGroup>
    <ClCompile Include="src\Hypo\Graphics\Buffers.cpp">
      <Filter>Hypo\Graphics</Filter>
    </ClCompile>
    <ClCompile Include="src\Platform\OpenGL\OpenGLBuffer.cpp">
      <Filter>Platform\OpenGL</Filter>
    </ClCompile>
    <ClCompile Include="src\Platform\OpenGL\OpenGLVertexBuffer.cpp">
      <Filter>Platform\OpenGL</Filter>
    </ClCompile>
    <ClCompile Include="src\graphicspch.cpp" />
    <ClCompile Include="src\Platform\OpenGL\OpenGLIndexBuffer.cpp" />
    <ClCompile Include="src\Hypo\Graphics\Factory.cpp" />
    <ClCompile Include="src\Hypo\Graphics\Assets\ShaderAsset.cpp" />
  </ItemGroup>
</Project>