<?xml version="1.0" encoding="utf-8"?>
<Project ToolsVersion="4.0" xmlns="http://schemas.microsoft.com/developer/msbuild/2003">
  <ItemGroup>
    <Filter Include="Hypo">
      <UniqueIdentifier>{659C867C-51D3-870D-FABF-6D10E6D5030F}</UniqueIdentifier>
    </Filter>
    <Filter Include="Hypo\Graphics">
      <UniqueIdentifier>{4526D516-B1E6-504D-7A21-9ACAE6A09529}</UniqueIdentifier>
    </Filter>
    <Filter Include="Hypo\Graphics\Shader">
      <UniqueIdentifier>{4BF6AAD3-3785-349D-E0A3-4898CC114543}</UniqueIdentifier>
    </Filter>
    <Filter Include="Hypo\Graphics\Texture">
      <UniqueIdentifier>{A5C0AD90-112D-698B-DA20-01E9464C8BF3}</UniqueIdentifier>
    </Filter>
    <Filter Include="Platform">
      <UniqueIdentifier>{2AC788B4-1694-E3BF-3FAD-D1672BD9184E}</UniqueIdentifier>
    </Filter>
    <Filter Include="Platform\OpenGL">
      <UniqueIdentifier>{1E7D2C1D-8A08-9AE1-9319-1DD6FF23F6E1}</UniqueIdentifier>
    </Filter>
  </ItemGroup>
  <ItemGroup>
    <ClInclude Include="src\Hypo\Graphics\BufferLayout.h">
      <Filter>Hypo\Graphics</Filter>
    </ClInclude>
    <ClInclude Include="src\Hypo\Graphics\Buffers.h">
      <Filter>Hypo\Graphics</Filter>
    </ClInclude>
    <ClInclude Include="src\Hypo\Graphics\Exports.h">
      <Filter>Hypo\Graphics</Filter>
    </ClInclude>
    <ClInclude Include="src\Hypo\Graphics\Shader\Shader.h">
      <Filter>Hypo\Graphics\Shader</Filter>
    </ClInclude>
    <ClInclude Include="src\Hypo\Graphics\Shader\ShaderAsset.h">
      <Filter>Hypo\Graphics\Shader</Filter>
    </ClInclude>
    <ClInclude Include="src\Hypo\Graphics\Shader\UniformBinder.h">
      <Filter>Hypo\Graphics\Shader</Filter>
    </ClInclude>
    <ClInclude Include="src\Hypo\Graphics\Shader\UniformBuffer.h">
      <Filter>Hypo\Graphics\Shader</Filter>
    </ClInclude>
    <ClInclude Include="src\Hypo\Graphics\Texture\Texture.h">
      <Filter>Hypo\Graphics\Texture</Filter>
    </ClInclude>
    <ClInclude Include="src\Hypo\Graphics\Texture\TextureAsset.h">
      <Filter>Hypo\Graphics\Texture</Filter>
    </ClInclude>
    <ClInclude Include="src\Platform\OpenGL\OpenGLBuffer.h">
      <Filter>Platform\OpenGL</Filter>
    </ClInclude>
    <ClInclude Include="src\Platform\OpenGL\OpenGLError.h">
      <Filter>Platform\OpenGL</Filter>
    </ClInclude>
    <ClInclude Include="src\Platform\OpenGL\OpenGLIndexBuffer.h">
      <Filter>Platform\OpenGL</Filter>
    </ClInclude>
    <ClInclude Include="src\Platform\OpenGL\OpenGLShader.h">
      <Filter>Platform\OpenGL</Filter>
    </ClInclude>
    <ClInclude Include="src\Platform\OpenGL\OpenGLTexture.h">
      <Filter>Platform\OpenGL</Filter>
    </ClInclude>
    <ClInclude Include="src\Platform\OpenGL\OpenGLUniformBuffer.h">
      <Filter>Platform\OpenGL</Filter>
    </ClInclude>
    <ClInclude Include="src\Platform\OpenGL\OpenGLVertexArray.h">
      <Filter>Platform\OpenGL</Filter>
    </ClInclude>
    <ClInclude Include="src\Platform\OpenGL\OpenGLVertexBuffer.h">
      <Filter>Platform\OpenGL</Filter>
    </ClInclude>
    <ClInclude Include="src\graphicspch.h" />
  </ItemGroup>
  <ItemGroup>
    <ClCompile Include="src\Hypo\Graphics\Buffers.cpp">
      <Filter>Hypo\Graphics</Filter>
    </ClCompile>
    <ClCompile Include="src\Hypo\Graphics\Factory.cpp">
      <Filter>Hypo\Graphics</Filter>
    </ClCompile>
    <ClCompile Include="src\Hypo\Graphics\Shader\ShaderAsset.cpp">
      <Filter>Hypo\Graphics\Shader</Filter>
    </ClCompile>
    <ClCompile Include="src\Hypo\Graphics\Shader\UniformBinder.cpp">
      <Filter>Hypo\Graphics\Shader</Filter>
    </ClCompile>
    <ClCompile Include="src\Hypo\Graphics\Texture\TextureAsset.cpp">
      <Filter>Hypo\Graphics\Texture</Filter>
    </ClCompile>
    <ClCompile Include="src\Platform\OpenGL\OpenGLBuffer.cpp">
      <Filter>Platform\OpenGL</Filter>
    </ClCompile>
    <ClCompile Include="src\Platform\OpenGL\OpenGLIndexBuffer.cpp">
      <Filter>Platform\OpenGL</Filter>
    </ClCompile>
    <ClCompile Include="src\Platform\OpenGL\OpenGLShader.cpp">
      <Filter>Platform\OpenGL</Filter>
    </ClCompile>
    <ClCompile Include="src\Platform\OpenGL\OpenGLTexture.cpp">
      <Filter>Platform\OpenGL</Filter>
    </ClCompile>
    <ClCompile Include="src\Platform\OpenGL\OpenGLUniformBuffer.cpp">
      <Filter>Platform\OpenGL</Filter>
    </ClCompile>
    <ClCompile Include="src\Platform\OpenGL\OpenGLVertexArray.cpp">
      <Filter>Platform\OpenGL</Filter>
    </ClCompile>
    <ClCompile Include="src\Platform\OpenGL\OpenGLVertexBuffer.cpp">
      <Filter>Platform\OpenGL</Filter>
    </ClCompile>
    <ClCompile Include="src\graphicspch.cpp" />
  </ItemGroup>
</Project>