<?xml version="1.0" encoding="utf-8"?>
<Project ToolsVersion="4.0" xmlns="http://schemas.microsoft.com/developer/msbuild/2003">
  <ItemGroup>
    <Filter Include="Hypo">
      <UniqueIdentifier>{659C867C-51D3-870D-FABF-6D10E6D5030F}</UniqueIdentifier>
    </Filter>
    <Filter Include="Hypo\3D">
      <UniqueIdentifier>{0B4D89CC-772C-0868-8044-933EECA26EC9}</UniqueIdentifier>
    </Filter>
    <Filter Include="Hypo\3D\Camera">
      <UniqueIdentifier>{236798F1-0F35-8CF7-F8C8-FC1DE435685C}</UniqueIdentifier>
    </Filter>
    <Filter Include="Hypo\3D\Model">
      <UniqueIdentifier>{8B12A255-F7D2-1D8C-C00D-67092C8D6268}</UniqueIdentifier>
    </Filter>
    <Filter Include="Hypo\3D\Renderer">
      <UniqueIdentifier>{116D4FC7-FD65-6E19-2698-539E12F04D25}</UniqueIdentifier>
    </Filter>
    <Filter Include="Platform">
      <UniqueIdentifier>{2AC788B4-1694-E3BF-3FAD-D1672BD9184E}</UniqueIdentifier>
    </Filter>
    <Filter Include="Platform\OpenGL">
      <UniqueIdentifier>{1E7D2C1D-8A08-9AE1-9319-1DD6FF23F6E1}</UniqueIdentifier>
    </Filter>
    <Filter Include="Hypo\3D\Light">
      <UniqueIdentifier>{68648257-3b59-43ba-b1e0-c94e1308bcdc}</UniqueIdentifier>
    </Filter>
  </ItemGroup>
  <ItemGroup>
    <ClInclude Include="src\Hypo\3D\Camera\Camera.h">
      <Filter>Hypo\3D\Camera</Filter>
    </ClInclude>
    <ClInclude Include="src\Hypo\3D\Camera\CameraController.h">
      <Filter>Hypo\3D\Camera</Filter>
    </ClInclude>
    <ClInclude Include="src\Hypo\3D\Exports.h">
      <Filter>Hypo\3D</Filter>
    </ClInclude>
    <ClInclude Include="src\Hypo\3D\Model\Material.h">
      <Filter>Hypo\3D\Model</Filter>
    </ClInclude>
    <ClInclude Include="src\Hypo\3D\Model\Mesh.h">
      <Filter>Hypo\3D\Model</Filter>
    </ClInclude>
    <ClInclude Include="src\Hypo\3D\Model\Model.h">
      <Filter>Hypo\3D\Model</Filter>
    </ClInclude>
    <ClInclude Include="src\Hypo\3D\Model\ModelLayout.h">
      <Filter>Hypo\3D\Model</Filter>
    </ClInclude>
    <ClInclude Include="src\Hypo\3D\Renderer\Drawable.h">
      <Filter>Hypo\3D\Renderer</Filter>
    </ClInclude>
    <ClInclude Include="src\Hypo\3D\Renderer\RenderCommand.h">
      <Filter>Hypo\3D\Renderer</Filter>
    </ClInclude>
    <ClInclude Include="src\Hypo\3D\Renderer\Renderer.h">
      <Filter>Hypo\3D\Renderer</Filter>
    </ClInclude>
    <ClInclude Include="src\Hypo\3D\Renderer\RendererAPI.h">
      <Filter>Hypo\3D\Renderer</Filter>
    </ClInclude>
    <ClInclude Include="src\Hypo\3D\Renderer\Transform.h">
      <Filter>Hypo\3D\Renderer</Filter>
    </ClInclude>
    <ClInclude Include="src\Platform\OpenGL\OpenGLRendererAPI.h">
      <Filter>Platform\OpenGL</Filter>
    </ClInclude>
    <ClInclude Include="src\hypo3dpch.h" />
    <ClInclude Include="Light.h">
      <Filter>Hypo\3D\Light</Filter>
    </ClInclude>
  </ItemGroup>
  <ItemGroup>
    <ClCompile Include="src\Hypo\3D\Camera\Camera.cpp">
      <Filter>Hypo\3D\Camera</Filter>
    </ClCompile>
    <ClCompile Include="src\Hypo\3D\Camera\CameraController.cpp">
      <Filter>Hypo\3D\Camera</Filter>
    </ClCompile>
    <ClCompile Include="src\Hypo\3D\Model\Mesh.cpp">
      <Filter>Hypo\3D\Model</Filter>
    </ClCompile>
    <ClCompile Include="src\Hypo\3D\Model\Model.cpp">
      <Filter>Hypo\3D\Model</Filter>
    </ClCompile>
    <ClCompile Include="src\Hypo\3D\Renderer\RenderCommand.cpp">
      <Filter>Hypo\3D\Renderer</Filter>
    </ClCompile>
    <ClCompile Include="src\Hypo\3D\Renderer\Renderer.cpp">
      <Filter>Hypo\3D\Renderer</Filter>
    </ClCompile>
    <ClCompile Include="src\Hypo\3D\Renderer\RendererAPI.cpp">
      <Filter>Hypo\3D\Renderer</Filter>
    </ClCompile>
    <ClCompile Include="src\Hypo\3D\Renderer\Transform.cpp">
      <Filter>Hypo\3D\Renderer</Filter>
    </ClCompile>
    <ClCompile Include="src\Platform\OpenGL\OpenGLRendererAPI.cpp">
      <Filter>Platform\OpenGL</Filter>
    </ClCompile>
    <ClCompile Include="src\hypo3dpch.cpp" />
  </ItemGroup>
</Project>