<?xml version="1.0" encoding="utf-8"?>
<Project ToolsVersion="4.0" xmlns="http://schemas.microsoft.com/developer/msbuild/2003">
  <ItemGroup>
    <Filter Include="Hypo">
      <UniqueIdentifier>{659C867C-51D3-870D-FABF-6D10E6D5030F}</UniqueIdentifier>
    </Filter>
    <Filter Include="Hypo\3D">
      <UniqueIdentifier>{0B4D89CC-772C-0868-8044-933EECA26EC9}</UniqueIdentifier>
    </Filter>
    <Filter Include="Hypo\3D\Renderer">
      <UniqueIdentifier>{116D4FC7-FD65-6E19-2698-539E12F04D25}</UniqueIdentifier>
    </Filter>
    <Filter Include="Platform">
      <UniqueIdentifier>{2AC788B4-1694-E3BF-3FAD-D1672BD9184E}</UniqueIdentifier>
    </Filter>
    <Filter Include="Platform\OpenGL">
      <UniqueIdentifier>{1E7D2C1D-8A08-9AE1-9319-1DD6FF23F6E1}</UniqueIdentifier>
    </Filter>
  </ItemGroup>
  <ItemGroup>
    <ClInclude Include="src\Hypo\3D\Exports.h">
      <Filter>Hypo\3D</Filter>
    </ClInclude>
    <ClInclude Include="src\Hypo\3D\Renderer\Drawable.h">
      <Filter>Hypo\3D\Renderer</Filter>
    </ClInclude>
    <ClInclude Include="src\Hypo\3D\Renderer\RenderCommand.h">
      <Filter>Hypo\3D\Renderer</Filter>
    </ClInclude>
    <ClInclude Include="src\Hypo\3D\Renderer\Renderer.h">
      <Filter>Hypo\3D\Renderer</Filter>
    </ClInclude>
    <ClInclude Include="src\Hypo\3D\Renderer\RendererAPI.h">
      <Filter>Hypo\3D\Renderer</Filter>
    </ClInclude>
    <ClInclude Include="src\Hypo\3D\Renderer\Transform.h">
      <Filter>Hypo\3D\Renderer</Filter>
    </ClInclude>
    <ClInclude Include="src\Platform\OpenGL\OpenGLRendererAPI.h">
      <Filter>Platform\OpenGL</Filter>
    </ClInclude>
    <ClInclude Include="src\hypo3dpch.h" />
  </ItemGroup>
  <ItemGroup>
    <ClCompile Include="src\Hypo\3D\Renderer\RenderCommand.cpp">
      <Filter>Hypo\3D\Renderer</Filter>
    </ClCompile>
    <ClCompile Include="src\Hypo\3D\Renderer\Renderer.cpp">
      <Filter>Hypo\3D\Renderer</Filter>
    </ClCompile>
    <ClCompile Include="src\Hypo\3D\Renderer\RendererAPI.cpp">
      <Filter>Hypo\3D\Renderer</Filter>
    </ClCompile>
    <ClCompile Include="src\Hypo\3D\Renderer\Transform.cpp">
      <Filter>Hypo\3D\Renderer</Filter>
    </ClCompile>
    <ClCompile Include="src\Platform\OpenGL\OpenGLRendererAPI.cpp">
      <Filter>Platform\OpenGL</Filter>
    </ClCompile>
    <ClCompile Include="src\hypo3dpch.cpp" />
  </ItemGroup>
</Project>